
Microsoft Visual Studio Solution File, Format Version 12.00
# Visual Studio Version 16
VisualStudioVersion = 16.0.31205.134
MinimumVisualStudioVersion = 10.0.40219.1
Project("{FAE04EC0-301F-11D3-BF4B-00C04F79EFBC}") = "senai_peoples_webApi", "senai_peoples_webApi\senai_peoples_webApi.csproj", "{62BC9AA0-1FBA-49CB-BE12-CD60A1EAAE70}"
EndProject
Global
	GlobalSection(SolutionConfigurationPlatforms) = preSolution
		Debug|Any CPU = Debug|Any CPU
		Release|Any CPU = Release|Any CPU
	EndGlobalSection
	GlobalSection(ProjectConfigurationPlatforms) = postSolution
		{62BC9AA0-1FBA-49CB-BE12-CD60A1EAAE70}.Debug|Any CPU.ActiveCfg = Debug|Any CPU
		{62BC9AA0-1FBA-49CB-BE12-CD60A1EAAE70}.Debug|Any CPU.Build.0 = Debug|Any CPU
		{62BC9AA0-1FBA-49CB-BE12-CD60A1EAAE70}.Release|Any CPU.ActiveCfg = Release|Any CPU
		{62BC9AA0-1FBA-49CB-BE12-CD60A1EAAE70}.Release|Any CPU.Build.0 = Release|Any CPU
	EndGlobalSection
	GlobalSection(SolutionProperties) = preSolution
		HideSolutionNode = FALSE
	EndGlobalSection
	GlobalSection(ExtensibilityGlobals) = postSolution
		SolutionGuid = {0D122B85-5112-4770-867D-F38560465138}
	EndGlobalSection
EndGlobal
